{
  "name": "concourse-driver-node",
  "version": "1.0.0",
  "lockfileVersion": 1,
  "requires": true,
  "dependencies": {
    "@cinchapi/configurator": {
      "version": "1.0.1",
      "requires": {
        "argparse": "^1.0.10",
        "js-yaml": "^3.12.0",
        "object-path": "^0.11.4"
      }
    },
    "argparse": {
      "version": "1.0.10",
      "resolved": "https://registry.npmjs.org/argparse/-/argparse-1.0.10.tgz",
      "integrity": "sha512-o5Roy6tNG4SL/FOkCAN6RzjiakZS25RLYFrcMttJqbdd8BWrnA+fGz57iN5Pb06pvBGvl5gQ0B48dJlslXvoTg==",
      "requires": {
        "sprintf-js": "~1.0.2"
      }
    },
    "commander": {
      "version": "2.1.0",
      "resolved": "https://registry.npmjs.org/commander/-/commander-2.1.0.tgz",
      "integrity": "sha1-0SG7roYNmZKj1Re6lvVliOR8Z4E="
    },
    "esprima": {
      "version": "4.0.1",
      "resolved": "https://registry.npmjs.org/esprima/-/esprima-4.0.1.tgz",
      "integrity": "sha512-eGuFFw7Upda+g4p+QHvnW0RyTX/SVeJBDM/gCtMARO0cLuT2HcEKnTPvhjV6aGeqrCB/sbNop0Kszm0jsaWU4A=="
    },
    "fibers": {
      "version": "1.0.15",
      "resolved": "https://registry.npmjs.org/fibers/-/fibers-1.0.15.tgz",
      "integrity": "sha1-IvA5yPGLhWGQ+75N7PBWFUwerpw="
    },
    "js-yaml": {
      "version": "3.12.0",
      "resolved": "https://registry.npmjs.org/js-yaml/-/js-yaml-3.12.0.tgz",
      "integrity": "sha512-PIt2cnwmPfL4hKNwqeiuz4bKfnzHTBv6HyVgjahA6mPLwPDzjDWrplJBMjHUFxku/N3FlmrbyPclad+I+4mJ3A==",
      "requires": {
        "argparse": "^1.0.7",
        "esprima": "^4.0.0"
      }
    },
    "lodash.isempty": {
      "version": "4.4.0"
    },
    "lodash.isobject": {
      "version": "3.0.2"
    },
    "lodash.isundefined": {
      "version": "3.0.1"
    },
    "nan": {
      "version": "1.0.0",
      "resolved": "https://registry.npmjs.org/nan/-/nan-1.0.0.tgz",
      "integrity": "sha1-riT4hQgY1mL8q1rPfzuVv6oszzg="
    },
    "node-int64": {
      "version": "0.3.3",
      "resolved": "https://registry.npmjs.org/node-int64/-/node-int64-0.3.3.tgz",
      "integrity": "sha1-LW5rLs5d6FiLQ9iNG8QbJs0fqE0="
    },
    "object-path": {
      "version": "0.11.4",
      "resolved": "https://registry.npmjs.org/object-path/-/object-path-0.11.4.tgz",
      "integrity": "sha1-NwrnUvvzfePqcKhhwju6iRVpGUk="
    },
    "options": {
      "version": "0.0.6",
      "resolved": "https://registry.npmjs.org/options/-/options-0.0.6.tgz",
      "integrity": "sha1-7CLTEoBrtT5zF3Pnza788cZDEo8="
    },
    "q": {
      "version": "1.0.1",
      "resolved": "https://registry.npmjs.org/q/-/q-1.0.1.tgz",
      "integrity": "sha1-EYcq7t7okmgRCxCnGESP+xARKhQ="
    },
    "sprintf-js": {
      "version": "1.0.3",
      "resolved": "https://registry.npmjs.org/sprintf-js/-/sprintf-js-1.0.3.tgz",
      "integrity": "sha1-BOaSb2YolTVPPdAVIDYzuFcpfiw="
    },
    "synchronize": {
      "version": "2.0.0",
      "resolved": "https://registry.npmjs.org/synchronize/-/synchronize-2.0.0.tgz",
      "integrity": "sha1-teuJlkxLrW5CyqQUPK0mzvHt9CI=",
      "requires": {
        "fibers": "1.0.x"
      }
    },
    "thrift": {
      "version": "0.9.3",
      "requires": {
        "node-int64": "~0.3.0",
        "q": "1.0.x",
        "ws": "~0.4.32"
      }
    },
    "tinycolor": {
      "version": "0.0.1",
      "resolved": "https://registry.npmjs.org/tinycolor/-/tinycolor-0.0.1.tgz",
      "integrity": "sha1-MgtaUtg6u1l42Bo+iH1K77FaYWQ="
    },
    "ws": {
      "version": "0.4.32",
      "resolved": "https://registry.npmjs.org/ws/-/ws-0.4.32.tgz",
      "integrity": "sha1-eHphVEFPPJntg8V3IVOyD+sM7DI=",
      "requires": {
        "commander": "~2.1.0",
        "nan": "~1.0.0",
        "options": ">=0.0.5",
        "tinycolor": "0.x"
      }
    }
  }
}
